// !$*UTF8*$!
{
	archiveVersion = 1;
	classes = {
	};
	objectVersion = 46;
	objects = {

/* Begin PBXFileReference section */
		2E0CB1661C34504E0059D1CF /* SWCelloTest.xm */ = {isa = PBXFileReference; explicitFileType = sourcecode.cpp.objcpp; path = SWCelloTest.xm; sourceTree = "<group>"; };
		2E0CB1671C34639A0059D1CF /* MusicLibraryBrowseCollectionViewController.xm */ = {isa = PBXFileReference; explicitFileType = sourcecode.cpp.objcpp; path = MusicLibraryBrowseCollectionViewController.xm; sourceTree = "<group>"; };
		2E6A6E2B1CCC7A310037CAD3 /* CelloTests.xctest */ = {isa = PBXFileReference; explicitFileType = wrapper.cfbundle; includeInIndex = 0; name = CelloTests.xctest; path = "/Users/patsluth/Development/jailbreak_workspace/Cello/build/Debug-iphoneos/CelloTests.xctest"; sourceTree = "<absolute>"; };
		2E6EAA121C35726F0050B13A /* SWCelloDataSource.xm */ = {isa = PBXFileReference; explicitFileType = sourcecode.cpp.objcpp; path = SWCelloDataSource.xm; sourceTree = "<group>"; };
		2E6EAA131C358DBF0050B13A /* MusicLibrarySongsViewConfiguration.xm */ = {isa = PBXFileReference; explicitFileType = sourcecode.cpp.objcpp; path = MusicLibrarySongsViewConfiguration.xm; sourceTree = "<group>"; };
		2E6EAA141C3598880050B13A /* MusicLibraryGenresViewConfiguration.xm */ = {isa = PBXFileReference; explicitFileType = sourcecode.cpp.objcpp; path = MusicLibraryGenresViewConfiguration.xm; sourceTree = "<group>"; };
		2E6EAA151C3599B90050B13A /* MusicLibraryComposersViewConfiguration.xm */ = {isa = PBXFileReference; explicitFileType = sourcecode.cpp.objcpp; path = MusicLibraryComposersViewConfiguration.xm; sourceTree = "<group>"; };
		2E6EAA161C359EB10050B13A /* MusicLibraryViewConfiguration.xm */ = {isa = PBXFileReference; explicitFileType = sourcecode.cpp.objcpp; path = MusicLibraryViewConfiguration.xm; sourceTree = "<group>"; };
		2E6F41451C304DE900B9361F /* SWCelloPrefs.xm */ = {isa = PBXFileReference; explicitFileType = sourcecode.cpp.objcpp; path = SWCelloPrefs.xm; sourceTree = "<group>"; };
		2E7C5E391C2B23A000AAC247 /* MusicContextualActionsHeaderViewController.xm */ = {isa = PBXFileReference; explicitFileType = sourcecode.cpp.objcpp; path = MusicContextualActionsHeaderViewController.xm; sourceTree = "<group>"; };
		2E7C5E3A1C2B2C4100AAC247 /* MusicCoalescingEntityValueProvider.xm */ = {isa = PBXFileReference; explicitFileType = sourcecode.cpp.objcpp; path = MusicCoalescingEntityValueProvider.xm; sourceTree = "<group>"; };
		2EB72E8E1C2C427A0016825A /* MusicMediaDetailViewController.xm */ = {isa = PBXFileReference; explicitFileType = sourcecode.cpp.objcpp; path = MusicMediaDetailViewController.xm; sourceTree = "<group>"; };
		2EBB75811BE97C5A00A3A82D /* layout */ = {isa = PBXFileReference; lastKnownFileType = folder; path = layout; sourceTree = "<group>"; };
		2EBB75821BE97C5A00A3A82D /* public */ = {isa = PBXFileReference; lastKnownFileType = folder; path = public; sourceTree = "<group>"; };
		2EBB758B1BE97C5A00A3A82D /* Makefile */ = {isa = PBXFileReference; explicitFileType = sourcecode.make; path = Makefile; sourceTree = "<group>"; };
		2EBB75921BE97C5A00A3A82D /* MusicLibraryBrowseTableViewController.xm */ = {isa = PBXFileReference; explicitFileType = sourcecode.cpp.objcpp; path = MusicLibraryBrowseTableViewController.xm; sourceTree = "<group>"; };
		2EC644381C319EB80014A675 /* SWCelloDebug.xm */ = {isa = PBXFileReference; explicitFileType = sourcecode.cpp.objcpp; path = SWCelloDebug.xm; sourceTree = "<group>"; };
		2EE8EDC21C2E13AD0092DD14 /* MusicEntityValueContext.xm */ = {isa = PBXFileReference; explicitFileType = sourcecode.cpp.objcpp; path = MusicEntityValueContext.xm; sourceTree = "<group>"; };
/* End PBXFileReference section */

/* Begin PBXFrameworksBuildPhase section */
		2E5E518B1CC3F09D004DB6FF /* Frameworks */ = {
			isa = PBXFrameworksBuildPhase;
			buildActionMask = 2147483647;
			files = (
			);
			runOnlyForDeploymentPostprocessing = 0;
		};
/* End PBXFrameworksBuildPhase section */

/* Begin PBXGroup section */
		2EBB756F1BE97BB900A3A82D = {
			isa = PBXGroup;
			children = (
				2EBB75811BE97C5A00A3A82D /* layout */,
				2EBB75821BE97C5A00A3A82D /* public */,
				2EBB758B1BE97C5A00A3A82D /* Makefile */,
				2E7C5E3A1C2B2C4100AAC247 /* MusicCoalescingEntityValueProvider.xm */,
				2E7C5E391C2B23A000AAC247 /* MusicContextualActionsHeaderViewController.xm */,
				2EE8EDC21C2E13AD0092DD14 /* MusicEntityValueContext.xm */,
				2E0CB1671C34639A0059D1CF /* MusicLibraryBrowseCollectionViewController.xm */,
				2EBB75921BE97C5A00A3A82D /* MusicLibraryBrowseTableViewController.xm */,
				2E6EAA151C3599B90050B13A /* MusicLibraryComposersViewConfiguration.xm */,
				2E6EAA141C3598880050B13A /* MusicLibraryGenresViewConfiguration.xm */,
				2E6EAA131C358DBF0050B13A /* MusicLibrarySongsViewConfiguration.xm */,
				2E6EAA161C359EB10050B13A /* MusicLibraryViewConfiguration.xm */,
				2EB72E8E1C2C427A0016825A /* MusicMediaDetailViewController.xm */,
				2E6EAA121C35726F0050B13A /* SWCelloDataSource.xm */,
				2EC644381C319EB80014A675 /* SWCelloDebug.xm */,
				2E6F41451C304DE900B9361F /* SWCelloPrefs.xm */,
				2E0CB1661C34504E0059D1CF /* SWCelloTest.xm */,
			);
			sourceTree = "<group>";
		};
/* End PBXGroup section */

/* Begin PBXNativeTarget section */
		2E5E518D1CC3F09D004DB6FF /* CelloTests */ = {
			isa = PBXNativeTarget;
			buildConfigurationList = 2E5E51931CC3F09D004DB6FF /* Build configuration list for PBXNativeTarget "CelloTests" */;
			buildPhases = (
				2E5E518A1CC3F09D004DB6FF /* Sources */,
				2E5E518B1CC3F09D004DB6FF /* Frameworks */,
				2E5E518C1CC3F09D004DB6FF /* Resources */,
			);
			buildRules = (
			);
			dependencies = (
			);
			name = CelloTests;
			productName = CelloTests;
			productReference = 2E6A6E2B1CCC7A310037CAD3 /* CelloTests.xctest */;
			productType = "com.apple.product-type.bundle.ui-testing";
		};
/* End PBXNativeTarget section */

/* Begin PBXProject section */
		2EBB75701BE97BB900A3A82D /* Project object */ = {
			isa = PBXProject;
			attributes = {
				LastUpgradeCheck = 0730;
				TargetAttributes = {
					2E5E518D1CC3F09D004DB6FF = {
						CreatedOnToolsVersion = 7.3;
					};
				};
			};
			buildConfigurationList = 2EBB75731BE97BB900A3A82D /* Build configuration list for PBXProject "Cello" */;
			compatibilityVersion = "Xcode 3.2";
			developmentRegion = English;
			hasScannedForEncodings = 0;
			knownRegions = (
				en,
				Base,
			);
			mainGroup = 2EBB756F1BE97BB900A3A82D;
			productRefGroup = 2EBB756F1BE97BB900A3A82D;
			projectDirPath = "";
			projectRoot = "";
			targets = (
				2E5E518D1CC3F09D004DB6FF /* CelloTests */,
			);
		};
/* End PBXProject section */

/* Begin PBXResourcesBuildPhase section */
		2E5E518C1CC3F09D004DB6FF /* Resources */ = {
			isa = PBXResourcesBuildPhase;
			buildActionMask = 2147483647;
			files = (
			);
			runOnlyForDeploymentPostprocessing = 0;
		};
/* End PBXResourcesBuildPhase section */

/* Begin PBXSourcesBuildPhase section */
		2E5E518A1CC3F09D004DB6FF /* Sources */ = {
			isa = PBXSourcesBuildPhase;
			buildActionMask = 2147483647;
			files = (
			);
			runOnlyForDeploymentPostprocessing = 0;
		};
/* End PBXSourcesBuildPhase section */

/* Begin XCBuildConfiguration section */
		2E5E51941CC3F09D004DB6FF /* Debug */ = {
			isa = XCBuildConfiguration;
			buildSettings = {
				ALWAYS_SEARCH_USER_PATHS = NO;
				CLANG_ANALYZER_NONNULL = YES;
				CLANG_CXX_LANGUAGE_STANDARD = "gnu++0x";
				CLANG_CXX_LIBRARY = "libc++";
				CLANG_ENABLE_MODULES = YES;
				CLANG_ENABLE_OBJC_ARC = YES;
				CLANG_WARN_BOOL_CONVERSION = YES;
				CLANG_WARN_CONSTANT_CONVERSION = YES;
				CLANG_WARN_DIRECT_OBJC_ISA_USAGE = YES_ERROR;
				CLANG_WARN_EMPTY_BODY = YES;
				CLANG_WARN_ENUM_CONVERSION = YES;
				CLANG_WARN_INT_CONVERSION = YES;
				CLANG_WARN_OBJC_ROOT_CLASS = YES_ERROR;
				CLANG_WARN_UNREACHABLE_CODE = YES;
				CLANG_WARN__DUPLICATE_METHOD_MATCH = YES;
				"CODE_SIGN_IDENTITY[sdk=iphoneos*]" = "iPhone Developer";
				COPY_PHASE_STRIP = NO;
				DEBUG_INFORMATION_FORMAT = dwarf;
				ENABLE_STRICT_OBJC_MSGSEND = YES;
				GCC_C_LANGUAGE_STANDARD = gnu99;
				GCC_DYNAMIC_NO_PIC = NO;
				GCC_NO_COMMON_BLOCKS = YES;
				GCC_OPTIMIZATION_LEVEL = 0;
				GCC_PREPROCESSOR_DEFINITIONS = (
					"DEBUG=1",
					"$(inherited)",
				);
				GCC_WARN_64_TO_32_BIT_CONVERSION = YES;
				GCC_WARN_ABOUT_RETURN_TYPE = YES_ERROR;
				GCC_WARN_UNDECLARED_SELECTOR = YES;
				GCC_WARN_UNINITIALIZED_AUTOS = YES_AGGRESSIVE;
				GCC_WARN_UNUSED_FUNCTION = YES;
				GCC_WARN_UNUSED_VARIABLE = YES;
				INFOPLIST_FILE = CelloTests/Info.plist;
				IPHONEOS_DEPLOYMENT_TARGET = 9.0;
				LD_RUNPATH_SEARCH_PATHS = "$(inherited) @executable_path/Frameworks @loader_path/Frameworks";
				MTL_ENABLE_DEBUG_INFO = YES;
				PRODUCT_BUNDLE_IDENTIFIER = com.patsluth.CelloTests;
				PRODUCT_NAME = "$(TARGET_NAME)";
				SDKROOT = iphoneos;
			};
			name = Debug;
		};
		2E5E51951CC3F09D004DB6FF /* Release */ = {
			isa = XCBuildConfiguration;
			buildSettings = {
				ALWAYS_SEARCH_USER_PATHS = NO;
				CLANG_ANALYZER_NONNULL = YES;
				CLANG_CXX_LANGUAGE_STANDARD = "gnu++0x";
				CLANG_CXX_LIBRARY = "libc++";
				CLANG_ENABLE_MODULES = YES;
				CLANG_ENABLE_OBJC_ARC = YES;
				CLANG_WARN_BOOL_CONVERSION = YES;
				CLANG_WARN_CONSTANT_CONVERSION = YES;
				CLANG_WARN_DIRECT_OBJC_ISA_USAGE = YES_ERROR;
				CLANG_WARN_EMPTY_BODY = YES;
				CLANG_WARN_ENUM_CONVERSION = YES;
				CLANG_WARN_INT_CONVERSION = YES;
				CLANG_WARN_OBJC_ROOT_CLASS = YES_ERROR;
				CLANG_WARN_UNREACHABLE_CODE = YES;
				CLANG_WARN__DUPLICATE_METHOD_MATCH = YES;
				"CODE_SIGN_IDENTITY[sdk=iphoneos*]" = "iPhone Developer";
				COPY_PHASE_STRIP = NO;
				DEBUG_INFORMATION_FORMAT = "dwarf-with-dsym";
				ENABLE_NS_ASSERTIONS = NO;
				ENABLE_STRICT_OBJC_MSGSEND = YES;
				GCC_C_LANGUAGE_STANDARD = gnu99;
				GCC_NO_COMMON_BLOCKS = YES;
				GCC_WARN_64_TO_32_BIT_CONVERSION = YES;
				GCC_WARN_ABOUT_RETURN_TYPE = YES_ERROR;
				GCC_WARN_UNDECLARED_SELECTOR = YES;
				GCC_WARN_UNINITIALIZED_AUTOS = YES_AGGRESSIVE;
				GCC_WARN_UNUSED_FUNCTION = YES;
				GCC_WARN_UNUSED_VARIABLE = YES;
				INFOPLIST_FILE = CelloTests/Info.plist;
				IPHONEOS_DEPLOYMENT_TARGET = 9.0;
				LD_RUNPATH_SEARCH_PATHS = "$(inherited) @executable_path/Frameworks @loader_path/Frameworks";
				MTL_ENABLE_DEBUG_INFO = NO;
				PRODUCT_BUNDLE_IDENTIFIER = com.patsluth.CelloTests;
				PRODUCT_NAME = "$(TARGET_NAME)";
				SDKROOT = iphoneos;
				VALIDATE_PRODUCT = YES;
			};
			name = Release;
		};
		2EBB75741BE97BB900A3A82D /* Debug */ = {
			isa = XCBuildConfiguration;
			buildSettings = {
				ENABLE_TESTABILITY = YES;
				IPHONEOS_DEPLOYMENT_TARGET = 8.4;
				ONLY_ACTIVE_ARCH = YES;
			};
			name = Debug;
		};
		2EBB75751BE97BB900A3A82D /* Release */ = {
			isa = XCBuildConfiguration;
			buildSettings = {
				IPHONEOS_DEPLOYMENT_TARGET = 8.4;
			};
			name = Release;
		};
/* End XCBuildConfiguration section */

/* Begin XCConfigurationList section */
		2E5E51931CC3F09D004DB6FF /* Build configuration list for PBXNativeTarget "CelloTests" */ = {
			isa = XCConfigurationList;
			buildConfigurations = (
				2E5E51941CC3F09D004DB6FF /* Debug */,
				2E5E51951CC3F09D004DB6FF /* Release */,
			);
			defaultConfigurationIsVisible = 0;
			defaultConfigurationName = Release;
		};
		2EBB75731BE97BB900A3A82D /* Build configuration list for PBXProject "Cello" */ = {
			isa = XCConfigurationList;
			buildConfigurations = (
				2EBB75741BE97BB900A3A82D /* Debug */,
				2EBB75751BE97BB900A3A82D /* Release */,
			);
			defaultConfigurationIsVisible = 0;
			defaultConfigurationName = Release;
		};
/* End XCConfigurationList section */
	};
	rootObject = 2EBB75701BE97BB900A3A82D /* Project object */;
}
