// !$*UTF8*$!
{
	archiveVersion = 1;
	classes = {
	};
	objectVersion = 46;
	objects = {

/* Begin PBXFileReference section */
		2E0CB1661C34504E0059D1CF /* SWCelloTest.xm */ = {isa = PBXFileReference; explicitFileType = sourcecode.cpp.objcpp; path = SWCelloTest.xm; sourceTree = "<group>"; };
		2E0CB1671C34639A0059D1CF /* MusicLibraryBrowseCollectionViewController.xm */ = {isa = PBXFileReference; explicitFileType = sourcecode.cpp.objcpp; path = MusicLibraryBrowseCollectionViewController.xm; sourceTree = "<group>"; };
		2E6F41451C304DE900B9361F /* SWCelloPrefs.xm */ = {isa = PBXFileReference; explicitFileType = sourcecode.cpp.objcpp; path = SWCelloPrefs.xm; sourceTree = "<group>"; };
		2E7C5E391C2B23A000AAC247 /* MusicContextualActionsHeaderViewController.xm */ = {isa = PBXFileReference; explicitFileType = sourcecode.cpp.objcpp; path = MusicContextualActionsHeaderViewController.xm; sourceTree = "<group>"; };
		2E7C5E3A1C2B2C4100AAC247 /* MusicCoalescingEntityValueProvider.xm */ = {isa = PBXFileReference; explicitFileType = sourcecode.cpp.objcpp; path = MusicCoalescingEntityValueProvider.xm; sourceTree = "<group>"; };
		2EB72E8E1C2C427A0016825A /* MusicMediaDetailViewController.xm */ = {isa = PBXFileReference; explicitFileType = sourcecode.cpp.objcpp; path = MusicMediaDetailViewController.xm; sourceTree = "<group>"; };
		2EBB75811BE97C5A00A3A82D /* layout */ = {isa = PBXFileReference; lastKnownFileType = folder; path = layout; sourceTree = "<group>"; };
		2EBB75821BE97C5A00A3A82D /* public */ = {isa = PBXFileReference; lastKnownFileType = folder; path = public; sourceTree = "<group>"; };
		2EBB758B1BE97C5A00A3A82D /* Makefile */ = {isa = PBXFileReference; lastKnownFileType = sourcecode.make; path = Makefile; sourceTree = "<group>"; };
		2EBB75921BE97C5A00A3A82D /* MusicLibraryBrowseTableViewController.xm */ = {isa = PBXFileReference; explicitFileType = sourcecode.cpp.objcpp; path = MusicLibraryBrowseTableViewController.xm; sourceTree = "<group>"; };
		2EC644381C319EB80014A675 /* SWCelloDebug.xm */ = {isa = PBXFileReference; explicitFileType = sourcecode.cpp.objcpp; path = SWCelloDebug.xm; sourceTree = "<group>"; };
		2EE8EDC21C2E13AD0092DD14 /* MusicEntityValueContext.xm */ = {isa = PBXFileReference; explicitFileType = sourcecode.cpp.objcpp; path = MusicEntityValueContext.xm; sourceTree = "<group>"; };
/* End PBXFileReference section */

/* Begin PBXGroup section */
		2EBB756F1BE97BB900A3A82D = {
			isa = PBXGroup;
			children = (
				2EBB75811BE97C5A00A3A82D /* layout */,
				2EBB75821BE97C5A00A3A82D /* public */,
				2EBB758B1BE97C5A00A3A82D /* Makefile */,
				2E7C5E3A1C2B2C4100AAC247 /* MusicCoalescingEntityValueProvider.xm */,
				2E7C5E391C2B23A000AAC247 /* MusicContextualActionsHeaderViewController.xm */,
				2EE8EDC21C2E13AD0092DD14 /* MusicEntityValueContext.xm */,
				2E0CB1671C34639A0059D1CF /* MusicLibraryBrowseCollectionViewController.xm */,
				2EBB75921BE97C5A00A3A82D /* MusicLibraryBrowseTableViewController.xm */,
				2EB72E8E1C2C427A0016825A /* MusicMediaDetailViewController.xm */,
				2EC644381C319EB80014A675 /* SWCelloDebug.xm */,
				2E6F41451C304DE900B9361F /* SWCelloPrefs.xm */,
				2E0CB1661C34504E0059D1CF /* SWCelloTest.xm */,
			);
			sourceTree = "<group>";
		};
/* End PBXGroup section */

/* Begin PBXProject section */
		2EBB75701BE97BB900A3A82D /* Project object */ = {
			isa = PBXProject;
			attributes = {
				LastUpgradeCheck = 0720;
			};
			buildConfigurationList = 2EBB75731BE97BB900A3A82D /* Build configuration list for PBXProject "Cello" */;
			compatibilityVersion = "Xcode 3.2";
			developmentRegion = English;
			hasScannedForEncodings = 0;
			knownRegions = (
				en,
			);
			mainGroup = 2EBB756F1BE97BB900A3A82D;
			projectDirPath = "";
			projectRoot = "";
			targets = (
			);
		};
/* End PBXProject section */

/* Begin XCBuildConfiguration section */
		2EBB75741BE97BB900A3A82D /* Debug */ = {
			isa = XCBuildConfiguration;
			buildSettings = {
				ENABLE_TESTABILITY = YES;
			};
			name = Debug;
		};
		2EBB75751BE97BB900A3A82D /* Release */ = {
			isa = XCBuildConfiguration;
			buildSettings = {
			};
			name = Release;
		};
/* End XCBuildConfiguration section */

/* Begin XCConfigurationList section */
		2EBB75731BE97BB900A3A82D /* Build configuration list for PBXProject "Cello" */ = {
			isa = XCConfigurationList;
			buildConfigurations = (
				2EBB75741BE97BB900A3A82D /* Debug */,
				2EBB75751BE97BB900A3A82D /* Release */,
			);
			defaultConfigurationIsVisible = 0;
			defaultConfigurationName = Release;
		};
/* End XCConfigurationList section */
	};
	rootObject = 2EBB75701BE97BB900A3A82D /* Project object */;
}
