// !$*UTF8*$!
{
	archiveVersion = 1;
	classes = {
	};
	objectVersion = 46;
	objects = {

/* Begin PBXFileReference section */
		2E0E248E1C41B27800CD2E7B /* SWCelloContextualActionsPSViewController.mm */ = {isa = PBXFileReference; lastKnownFileType = sourcecode.cpp.objcpp; path = SWCelloContextualActionsPSViewController.mm; sourceTree = "<group>"; };
		2E25F2361C2F2C8300A38C5E /* entry.plist */ = {isa = PBXFileReference; lastKnownFileType = text.plist; path = entry.plist; sourceTree = "<group>"; };
		2E25F2371C2F2C8300A38C5E /* Makefile */ = {isa = PBXFileReference; explicitFileType = sourcecode.make; path = Makefile; sourceTree = "<group>"; };
		2E25F23D1C2F2C8300A38C5E /* SWCelloPSListController.mm */ = {isa = PBXFileReference; lastKnownFileType = sourcecode.cpp.objcpp; path = SWCelloPSListController.mm; sourceTree = "<group>"; };
		2EE37A4A1C459B4200907D5A /* Resources */ = {isa = PBXFileReference; lastKnownFileType = folder; path = Resources; sourceTree = "<group>"; };
/* End PBXFileReference section */

/* Begin PBXGroup section */
		2E25F22E1C2F236800A38C5E = {
			isa = PBXGroup;
			children = (
				2EE37A4A1C459B4200907D5A /* Resources */,
				2E25F2361C2F2C8300A38C5E /* entry.plist */,
				2E25F2371C2F2C8300A38C5E /* Makefile */,
				2E0E248E1C41B27800CD2E7B /* SWCelloContextualActionsPSViewController.mm */,
				2E25F23D1C2F2C8300A38C5E /* SWCelloPSListController.mm */,
			);
			sourceTree = "<group>";
		};
/* End PBXGroup section */

/* Begin PBXProject section */
		2E25F22F1C2F236800A38C5E /* Project object */ = {
			isa = PBXProject;
			attributes = {
				LastUpgradeCheck = 0720;
			};
			buildConfigurationList = 2E25F2321C2F236800A38C5E /* Build configuration list for PBXProject "CelloPrefs" */;
			compatibilityVersion = "Xcode 3.2";
			developmentRegion = English;
			hasScannedForEncodings = 0;
			knownRegions = (
				en,
			);
			mainGroup = 2E25F22E1C2F236800A38C5E;
			projectDirPath = "";
			projectRoot = "";
			targets = (
			);
		};
/* End PBXProject section */

/* Begin XCBuildConfiguration section */
		2E25F2331C2F236800A38C5E /* Debug */ = {
			isa = XCBuildConfiguration;
			buildSettings = {
			};
			name = Debug;
		};
		2E25F2341C2F236800A38C5E /* Release */ = {
			isa = XCBuildConfiguration;
			buildSettings = {
			};
			name = Release;
		};
/* End XCBuildConfiguration section */

/* Begin XCConfigurationList section */
		2E25F2321C2F236800A38C5E /* Build configuration list for PBXProject "CelloPrefs" */ = {
			isa = XCConfigurationList;
			buildConfigurations = (
				2E25F2331C2F236800A38C5E /* Debug */,
				2E25F2341C2F236800A38C5E /* Release */,
			);
			defaultConfigurationIsVisible = 0;
			defaultConfigurationName = Release;
		};
/* End XCConfigurationList section */
	};
	rootObject = 2E25F22F1C2F236800A38C5E /* Project object */;
}
